
Microsoft Visual Studio Solution File, Format Version 12.00
# Visual Studio Version 16
VisualStudioVersion = 16.0.30907.101
MinimumVisualStudioVersion = 10.0.40219.1
Project("{FAE04EC0-301F-11D3-BF4B-00C04F79EFBC}") = "Duplicate_Count", "Duplicate_Count\Duplicate_Count.csproj", "{D5C1EB81-E8AB-4B0E-A4D5-3BEE0EB6603F}"
EndProject
Project("{FAE04EC0-301F-11D3-BF4B-00C04F79EFBC}") = "Copy_Array", "..\Copy_Array\Copy_Array.csproj", "{ED02CFD6-5934-4E82-9E41-EBA9C83B3AE1}"
EndProject
Global
	GlobalSection(SolutionConfigurationPlatforms) = preSolution
		Debug|Any CPU = Debug|Any CPU
		Release|Any CPU = Release|Any CPU
	EndGlobalSection
	GlobalSection(ProjectConfigurationPlatforms) = postSolution
		{D5C1EB81-E8AB-4B0E-A4D5-3BEE0EB6603F}.Debug|Any CPU.ActiveCfg = Debug|Any CPU
		{D5C1EB81-E8AB-4B0E-A4D5-3BEE0EB6603F}.Debug|Any CPU.Build.0 = Debug|Any CPU
		{D5C1EB81-E8AB-4B0E-A4D5-3BEE0EB6603F}.Release|Any CPU.ActiveCfg = Release|Any CPU
		{D5C1EB81-E8AB-4B0E-A4D5-3BEE0EB6603F}.Release|Any CPU.Build.0 = Release|Any CPU
		{ED02CFD6-5934-4E82-9E41-EBA9C83B3AE1}.Debug|Any CPU.ActiveCfg = Debug|Any CPU
		{ED02CFD6-5934-4E82-9E41-EBA9C83B3AE1}.Debug|Any CPU.Build.0 = Debug|Any CPU
		{ED02CFD6-5934-4E82-9E41-EBA9C83B3AE1}.Release|Any CPU.ActiveCfg = Release|Any CPU
		{ED02CFD6-5934-4E82-9E41-EBA9C83B3AE1}.Release|Any CPU.Build.0 = Release|Any CPU
	EndGlobalSection
	GlobalSection(SolutionProperties) = preSolution
		HideSolutionNode = FALSE
	EndGlobalSection
	GlobalSection(ExtensibilityGlobals) = postSolution
		SolutionGuid = {8A16C079-63A0-4FE3-A58C-D3603CA78EA3}
	EndGlobalSection
EndGlobal
