
Microsoft Visual Studio Solution File, Format Version 12.00
# Visual Studio Version 16
VisualStudioVersion = 16.0.30907.101
MinimumVisualStudioVersion = 10.0.40219.1
Project("{FAE04EC0-301F-11D3-BF4B-00C04F79EFBC}") = "Student", "Student\Student.csproj", "{62A213EA-9454-4F4A-BAF3-2B4FBD51B01E}"
EndProject
Project("{FAE04EC0-301F-11D3-BF4B-00C04F79EFBC}") = "Account", "..\Account\Account.csproj", "{CAB83873-20D8-422F-B180-13F0D649114D}"
EndProject
Global
	GlobalSection(SolutionConfigurationPlatforms) = preSolution
		Debug|Any CPU = Debug|Any CPU
		Release|Any CPU = Release|Any CPU
	EndGlobalSection
	GlobalSection(ProjectConfigurationPlatforms) = postSolution
		{62A213EA-9454-4F4A-BAF3-2B4FBD51B01E}.Debug|Any CPU.ActiveCfg = Debug|Any CPU
		{62A213EA-9454-4F4A-BAF3-2B4FBD51B01E}.Debug|Any CPU.Build.0 = Debug|Any CPU
		{62A213EA-9454-4F4A-BAF3-2B4FBD51B01E}.Release|Any CPU.ActiveCfg = Release|Any CPU
		{62A213EA-9454-4F4A-BAF3-2B4FBD51B01E}.Release|Any CPU.Build.0 = Release|Any CPU
		{CAB83873-20D8-422F-B180-13F0D649114D}.Debug|Any CPU.ActiveCfg = Debug|Any CPU
		{CAB83873-20D8-422F-B180-13F0D649114D}.Debug|Any CPU.Build.0 = Debug|Any CPU
		{CAB83873-20D8-422F-B180-13F0D649114D}.Release|Any CPU.ActiveCfg = Release|Any CPU
		{CAB83873-20D8-422F-B180-13F0D649114D}.Release|Any CPU.Build.0 = Release|Any CPU
	EndGlobalSection
	GlobalSection(SolutionProperties) = preSolution
		HideSolutionNode = FALSE
	EndGlobalSection
	GlobalSection(ExtensibilityGlobals) = postSolution
		SolutionGuid = {10C4A751-86AA-422F-962F-E6A79B9EC535}
	EndGlobalSection
EndGlobal
